// !$*UTF8*$!
{
	archiveVersion = 1;
	classes = {
	};
	objectVersion = 56;
	objects = {

/* Begin PBXBuildFile section */
		65C88068AC911A962E3A4359 /* Pods_RecordDemo.framework in Frameworks */ = {isa = PBXBuildFile; fileRef = 339EFB08B0A796C1F66CCB97 /* Pods_RecordDemo.framework */; };
		D22B6F4428F2678000B191C7 /* 01.Halcyon - Runaway (Feat. Valentina Franco) (Heuse Remix).mp3 in Resources */ = {isa = PBXBuildFile; fileRef = D22B6F4128F2677F00B191C7 /* 01.Halcyon - Runaway (Feat. Valentina Franco) (Heuse Remix).mp3 */; };
		D22B6F4528F2678000B191C7 /* 03.Spektrum & Sara Skinner - Keep You.mp3 in Resources */ = {isa = PBXBuildFile; fileRef = D22B6F4228F2677F00B191C7 /* 03.Spektrum & Sara Skinner - Keep You.mp3 */; };
		D22B6F4628F2678000B191C7 /* 02.Ellis - Clear My Head (Radio Edit) [NCS].mp3 in Resources */ = {isa = PBXBuildFile; fileRef = D22B6F4328F2677F00B191C7 /* 02.Ellis - Clear My Head (Radio Edit) [NCS].mp3 */; };
		D22B6F4828F2693D00B191C7 /* RealtimeAnalyzer.swift in Sources */ = {isa = PBXBuildFile; fileRef = D22B6F4728F2693D00B191C7 /* RealtimeAnalyzer.swift */; };
		D22B6F4A28F26B3300B191C7 /* SpectrumView.swift in Sources */ = {isa = PBXBuildFile; fileRef = D22B6F4928F26B3300B191C7 /* SpectrumView.swift */; };
		D22CC84B290F998C00575FAD /* AudioEasyPlayer.swift in Sources */ = {isa = PBXBuildFile; fileRef = D22CC84A290F998C00575FAD /* AudioEasyPlayer.swift */; };
		D23C44D228F3E74900EC63D8 /* AudioSpectrum.podspec in Resources */ = {isa = PBXBuildFile; fileRef = D23C44D128F3E74900EC63D8 /* AudioSpectrum.podspec */; };
		D2562F4B28F7EFA00093B5DC /* AudioFileJoin.swift in Sources */ = {isa = PBXBuildFile; fileRef = D2562F4A28F7EFA00093B5DC /* AudioFileJoin.swift */; };
		D2B7B7CF28F150B300E08755 /* AppDelegate.swift in Sources */ = {isa = PBXBuildFile; fileRef = D2B7B7CE28F150B300E08755 /* AppDelegate.swift */; };
		D2B7B7D128F150B300E08755 /* SceneDelegate.swift in Sources */ = {isa = PBXBuildFile; fileRef = D2B7B7D028F150B300E08755 /* SceneDelegate.swift */; };
		D2B7B7D328F150B300E08755 /* ViewController.swift in Sources */ = {isa = PBXBuildFile; fileRef = D2B7B7D228F150B300E08755 /* ViewController.swift */; };
		D2B7B7D628F150B300E08755 /* Main.storyboard in Resources */ = {isa = PBXBuildFile; fileRef = D2B7B7D428F150B300E08755 /* Main.storyboard */; };
		D2B7B7D828F150B400E08755 /* Assets.xcassets in Resources */ = {isa = PBXBuildFile; fileRef = D2B7B7D728F150B400E08755 /* Assets.xcassets */; };
		D2B7B7DB28F150B400E08755 /* LaunchScreen.storyboard in Resources */ = {isa = PBXBuildFile; fileRef = D2B7B7D928F150B400E08755 /* LaunchScreen.storyboard */; };
		D2B7B7E428F153E100E08755 /* AudioPlayer.swift in Sources */ = {isa = PBXBuildFile; fileRef = D2B7B7E328F153E100E08755 /* AudioPlayer.swift */; };
		D2FA9BE928F16D0900122DE0 /* AudioRecorder.swift in Sources */ = {isa = PBXBuildFile; fileRef = D2FA9BE828F16D0900122DE0 /* AudioRecorder.swift */; };
/* End PBXBuildFile section */

/* Begin PBXFileReference section */
		339EFB08B0A796C1F66CCB97 /* Pods_RecordDemo.framework */ = {isa = PBXFileReference; explicitFileType = wrapper.framework; includeInIndex = 0; path = Pods_RecordDemo.framework; sourceTree = BUILT_PRODUCTS_DIR; };
		D22B6F4128F2677F00B191C7 /* 01.Halcyon - Runaway (Feat. Valentina Franco) (Heuse Remix).mp3 */ = {isa = PBXFileReference; lastKnownFileType = audio.mp3; path = "01.Halcyon - Runaway (Feat. Valentina Franco) (Heuse Remix).mp3"; sourceTree = "<group>"; };
		D22B6F4228F2677F00B191C7 /* 03.Spektrum & Sara Skinner - Keep You.mp3 */ = {isa = PBXFileReference; lastKnownFileType = audio.mp3; path = "03.Spektrum & Sara Skinner - Keep You.mp3"; sourceTree = "<group>"; };
		D22B6F4328F2677F00B191C7 /* 02.Ellis - Clear My Head (Radio Edit) [NCS].mp3 */ = {isa = PBXFileReference; lastKnownFileType = audio.mp3; path = "02.Ellis - Clear My Head (Radio Edit) [NCS].mp3"; sourceTree = "<group>"; };
		D22B6F4728F2693D00B191C7 /* RealtimeAnalyzer.swift */ = {isa = PBXFileReference; fileEncoding = 4; lastKnownFileType = sourcecode.swift; path = RealtimeAnalyzer.swift; sourceTree = "<group>"; };
		D22B6F4928F26B3300B191C7 /* SpectrumView.swift */ = {isa = PBXFileReference; lastKnownFileType = sourcecode.swift; path = SpectrumView.swift; sourceTree = "<group>"; };
		D22CC84A290F998C00575FAD /* AudioEasyPlayer.swift */ = {isa = PBXFileReference; lastKnownFileType = sourcecode.swift; path = AudioEasyPlayer.swift; sourceTree = "<group>"; };
		D23C44D128F3E74900EC63D8 /* AudioSpectrum.podspec */ = {isa = PBXFileReference; lastKnownFileType = text; path = AudioSpectrum.podspec; sourceTree = SOURCE_ROOT; };
		D2562F4A28F7EFA00093B5DC /* AudioFileJoin.swift */ = {isa = PBXFileReference; lastKnownFileType = sourcecode.swift; path = AudioFileJoin.swift; sourceTree = "<group>"; };
		D2B7B7CB28F150B300E08755 /* RecordDemo.app */ = {isa = PBXFileReference; explicitFileType = wrapper.application; includeInIndex = 0; path = RecordDemo.app; sourceTree = BUILT_PRODUCTS_DIR; };
		D2B7B7CE28F150B300E08755 /* AppDelegate.swift */ = {isa = PBXFileReference; lastKnownFileType = sourcecode.swift; path = AppDelegate.swift; sourceTree = "<group>"; };
		D2B7B7D028F150B300E08755 /* SceneDelegate.swift */ = {isa = PBXFileReference; lastKnownFileType = sourcecode.swift; path = SceneDelegate.swift; sourceTree = "<group>"; };
		D2B7B7D228F150B300E08755 /* ViewController.swift */ = {isa = PBXFileReference; lastKnownFileType = sourcecode.swift; path = ViewController.swift; sourceTree = "<group>"; };
		D2B7B7D528F150B300E08755 /* Base */ = {isa = PBXFileReference; lastKnownFileType = file.storyboard; name = Base; path = Base.lproj/Main.storyboard; sourceTree = "<group>"; };
		D2B7B7D728F150B400E08755 /* Assets.xcassets */ = {isa = PBXFileReference; lastKnownFileType = folder.assetcatalog; path = Assets.xcassets; sourceTree = "<group>"; };
		D2B7B7DA28F150B400E08755 /* Base */ = {isa = PBXFileReference; lastKnownFileType = file.storyboard; name = Base; path = Base.lproj/LaunchScreen.storyboard; sourceTree = "<group>"; };
		D2B7B7DC28F150B400E08755 /* Info.plist */ = {isa = PBXFileReference; lastKnownFileType = text.plist.xml; path = Info.plist; sourceTree = "<group>"; };
		D2B7B7E328F153E100E08755 /* AudioPlayer.swift */ = {isa = PBXFileReference; lastKnownFileType = sourcecode.swift; path = AudioPlayer.swift; sourceTree = "<group>"; };
		D2FA9BE828F16D0900122DE0 /* AudioRecorder.swift */ = {isa = PBXFileReference; lastKnownFileType = sourcecode.swift; path = AudioRecorder.swift; sourceTree = "<group>"; };
		D6B3A5F55DEF2D440BA29AB0 /* Pods-RecordDemo.release.xcconfig */ = {isa = PBXFileReference; includeInIndex = 1; lastKnownFileType = text.xcconfig; name = "Pods-RecordDemo.release.xcconfig"; path = "Target Support Files/Pods-RecordDemo/Pods-RecordDemo.release.xcconfig"; sourceTree = "<group>"; };
		EED419E93A3CCCC3ADA54BC1 /* Pods-RecordDemo.debug.xcconfig */ = {isa = PBXFileReference; includeInIndex = 1; lastKnownFileType = text.xcconfig; name = "Pods-RecordDemo.debug.xcconfig"; path = "Target Support Files/Pods-RecordDemo/Pods-RecordDemo.debug.xcconfig"; sourceTree = "<group>"; };
/* End PBXFileReference section */

/* Begin PBXFrameworksBuildPhase section */
		D2B7B7C828F150B300E08755 /* Frameworks */ = {
			isa = PBXFrameworksBuildPhase;
			buildActionMask = 2147483647;
			files = (
				65C88068AC911A962E3A4359 /* Pods_RecordDemo.framework in Frameworks */,
			);
			runOnlyForDeploymentPostprocessing = 0;
		};
/* End PBXFrameworksBuildPhase section */

/* Begin PBXGroup section */
		0FA5CA2F181B544023B15339 /* Pods */ = {
			isa = PBXGroup;
			children = (
				EED419E93A3CCCC3ADA54BC1 /* Pods-RecordDemo.debug.xcconfig */,
				D6B3A5F55DEF2D440BA29AB0 /* Pods-RecordDemo.release.xcconfig */,
			);
			path = Pods;
			sourceTree = "<group>";
		};
		517D09867EC0A7EC6BD8D928 /* Frameworks */ = {
			isa = PBXGroup;
			children = (
				339EFB08B0A796C1F66CCB97 /* Pods_RecordDemo.framework */,
			);
			name = Frameworks;
			sourceTree = "<group>";
		};
		D22B6F4028F2677F00B191C7 /* Audio */ = {
			isa = PBXGroup;
			children = (
				D22B6F4128F2677F00B191C7 /* 01.Halcyon - Runaway (Feat. Valentina Franco) (Heuse Remix).mp3 */,
				D22B6F4228F2677F00B191C7 /* 03.Spektrum & Sara Skinner - Keep You.mp3 */,
				D22B6F4328F2677F00B191C7 /* 02.Ellis - Clear My Head (Radio Edit) [NCS].mp3 */,
			);
			path = Audio;
			sourceTree = "<group>";
		};
		D2B7B7C228F150B300E08755 = {
			isa = PBXGroup;
			children = (
				D2B7B7CD28F150B300E08755 /* RecordDemo */,
				D2B7B7CC28F150B300E08755 /* Products */,
				0FA5CA2F181B544023B15339 /* Pods */,
				517D09867EC0A7EC6BD8D928 /* Frameworks */,
			);
			sourceTree = "<group>";
		};
		D2B7B7CC28F150B300E08755 /* Products */ = {
			isa = PBXGroup;
			children = (
				D2B7B7CB28F150B300E08755 /* RecordDemo.app */,
			);
			name = Products;
			sourceTree = "<group>";
		};
		D2B7B7CD28F150B300E08755 /* RecordDemo */ = {
			isa = PBXGroup;
			children = (
				D22B6F4028F2677F00B191C7 /* Audio */,
				D2B7B7E228F153C200E08755 /* Classes */,
				D2B7B7CE28F150B300E08755 /* AppDelegate.swift */,
				D2B7B7D028F150B300E08755 /* SceneDelegate.swift */,
				D2B7B7D228F150B300E08755 /* ViewController.swift */,
				D2B7B7D428F150B300E08755 /* Main.storyboard */,
				D2B7B7D728F150B400E08755 /* Assets.xcassets */,
				D2B7B7D928F150B400E08755 /* LaunchScreen.storyboard */,
				D23C44D128F3E74900EC63D8 /* AudioSpectrum.podspec */,
				D2B7B7DC28F150B400E08755 /* Info.plist */,
			);
			path = RecordDemo;
			sourceTree = "<group>";
		};
		D2B7B7E228F153C200E08755 /* Classes */ = {
			isa = PBXGroup;
			children = (
				D22B6F4728F2693D00B191C7 /* RealtimeAnalyzer.swift */,
				D2B7B7E328F153E100E08755 /* AudioPlayer.swift */,
				D22CC84A290F998C00575FAD /* AudioEasyPlayer.swift */,
				D2FA9BE828F16D0900122DE0 /* AudioRecorder.swift */,
				D22B6F4928F26B3300B191C7 /* SpectrumView.swift */,
				D2562F4A28F7EFA00093B5DC /* AudioFileJoin.swift */,
			);
			path = Classes;
			sourceTree = "<group>";
		};
/* End PBXGroup section */

/* Begin PBXNativeTarget section */
		D2B7B7CA28F150B300E08755 /* RecordDemo */ = {
			isa = PBXNativeTarget;
			buildConfigurationList = D2B7B7DF28F150B400E08755 /* Build configuration list for PBXNativeTarget "RecordDemo" */;
			buildPhases = (
				61AF7FC97392EBE1B60A41DA /* [CP] Check Pods Manifest.lock */,
				D2B7B7C728F150B300E08755 /* Sources */,
				D2B7B7C828F150B300E08755 /* Frameworks */,
				D2B7B7C928F150B300E08755 /* Resources */,
				A34BF93011ED4AEA7A0A1CE9 /* [CP] Embed Pods Frameworks */,
			);
			buildRules = (
			);
			dependencies = (
			);
			name = RecordDemo;
			productName = RecordDemo;
			productReference = D2B7B7CB28F150B300E08755 /* RecordDemo.app */;
			productType = "com.apple.product-type.application";
		};
/* End PBXNativeTarget section */

/* Begin PBXProject section */
		D2B7B7C328F150B300E08755 /* Project object */ = {
			isa = PBXProject;
			attributes = {
				BuildIndependentTargetsInParallel = 1;
				LastSwiftUpdateCheck = 1400;
				LastUpgradeCheck = 1400;
				TargetAttributes = {
					D2B7B7CA28F150B300E08755 = {
						CreatedOnToolsVersion = 14.0.1;
					};
				};
			};
			buildConfigurationList = D2B7B7C628F150B300E08755 /* Build configuration list for PBXProject "RecordDemo" */;
			compatibilityVersion = "Xcode 14.0";
			developmentRegion = en;
			hasScannedForEncodings = 0;
			knownRegions = (
				en,
				Base,
			);
			mainGroup = D2B7B7C228F150B300E08755;
			productRefGroup = D2B7B7CC28F150B300E08755 /* Products */;
			projectDirPath = "";
			projectRoot = "";
			targets = (
				D2B7B7CA28F150B300E08755 /* RecordDemo */,
			);
		};
/* End PBXProject section */

/* Begin PBXResourcesBuildPhase section */
		D2B7B7C928F150B300E08755 /* Resources */ = {
			isa = PBXResourcesBuildPhase;
			buildActionMask = 2147483647;
			files = (
				D23C44D228F3E74900EC63D8 /* AudioSpectrum.podspec in Resources */,
				D22B6F4528F2678000B191C7 /* 03.Spektrum & Sara Skinner - Keep You.mp3 in Resources */,
				D22B6F4428F2678000B191C7 /* 01.Halcyon - Runaway (Feat. Valentina Franco) (Heuse Remix).mp3 in Resources */,
				D2B7B7DB28F150B400E08755 /* LaunchScreen.storyboard in Resources */,
				D2B7B7D828F150B400E08755 /* Assets.xcassets in Resources */,
				D22B6F4628F2678000B191C7 /* 02.Ellis - Clear My Head (Radio Edit) [NCS].mp3 in Resources */,
				D2B7B7D628F150B300E08755 /* Main.storyboard in Resources */,
			);
			runOnlyForDeploymentPostprocessing = 0;
		};
/* End PBXResourcesBuildPhase section */

/* Begin PBXShellScriptBuildPhase section */
		61AF7FC97392EBE1B60A41DA /* [CP] Check Pods Manifest.lock */ = {
			isa = PBXShellScriptBuildPhase;
			buildActionMask = 2147483647;
			files = (
			);
			inputFileListPaths = (
			);
			inputPaths = (
				"${PODS_PODFILE_DIR_PATH}/Podfile.lock",
				"${PODS_ROOT}/Manifest.lock",
			);
			name = "[CP] Check Pods Manifest.lock";
			outputFileListPaths = (
			);
			outputPaths = (
				"$(DERIVED_FILE_DIR)/Pods-RecordDemo-checkManifestLockResult.txt",
			);
			runOnlyForDeploymentPostprocessing = 0;
			shellPath = /bin/sh;
			shellScript = "diff \"${PODS_PODFILE_DIR_PATH}/Podfile.lock\" \"${PODS_ROOT}/Manifest.lock\" > /dev/null\nif [ $? != 0 ] ; then\n    # print error to STDERR\n    echo \"error: The sandbox is not in sync with the Podfile.lock. Run 'pod install' or update your CocoaPods installation.\" >&2\n    exit 1\nfi\n# This output is used by Xcode 'outputs' to avoid re-running this script phase.\necho \"SUCCESS\" > \"${SCRIPT_OUTPUT_FILE_0}\"\n";
			showEnvVarsInLog = 0;
		};
		A34BF93011ED4AEA7A0A1CE9 /* [CP] Embed Pods Frameworks */ = {
			isa = PBXShellScriptBuildPhase;
			buildActionMask = 2147483647;
			files = (
			);
			inputFileListPaths = (
				"${PODS_ROOT}/Target Support Files/Pods-RecordDemo/Pods-RecordDemo-frameworks-${CONFIGURATION}-input-files.xcfilelist",
			);
			name = "[CP] Embed Pods Frameworks";
			outputFileListPaths = (
				"${PODS_ROOT}/Target Support Files/Pods-RecordDemo/Pods-RecordDemo-frameworks-${CONFIGURATION}-output-files.xcfilelist",
			);
			runOnlyForDeploymentPostprocessing = 0;
			shellPath = /bin/sh;
			shellScript = "\"${PODS_ROOT}/Target Support Files/Pods-RecordDemo/Pods-RecordDemo-frameworks.sh\"\n";
			showEnvVarsInLog = 0;
		};
/* End PBXShellScriptBuildPhase section */

/* Begin PBXSourcesBuildPhase section */
		D2B7B7C728F150B300E08755 /* Sources */ = {
			isa = PBXSourcesBuildPhase;
			buildActionMask = 2147483647;
			files = (
				D2562F4B28F7EFA00093B5DC /* AudioFileJoin.swift in Sources */,
				D2B7B7D328F150B300E08755 /* ViewController.swift in Sources */,
				D22CC84B290F998C00575FAD /* AudioEasyPlayer.swift in Sources */,
				D2B7B7CF28F150B300E08755 /* AppDelegate.swift in Sources */,
				D22B6F4828F2693D00B191C7 /* RealtimeAnalyzer.swift in Sources */,
				D22B6F4A28F26B3300B191C7 /* SpectrumView.swift in Sources */,
				D2B7B7D128F150B300E08755 /* SceneDelegate.swift in Sources */,
				D2B7B7E428F153E100E08755 /* AudioPlayer.swift in Sources */,
				D2FA9BE928F16D0900122DE0 /* AudioRecorder.swift in Sources */,
			);
			runOnlyForDeploymentPostprocessing = 0;
		};
/* End PBXSourcesBuildPhase section */

/* Begin PBXVariantGroup section */
		D2B7B7D428F150B300E08755 /* Main.storyboard */ = {
			isa = PBXVariantGroup;
			children = (
				D2B7B7D528F150B300E08755 /* Base */,
			);
			name = Main.storyboard;
			sourceTree = "<group>";
		};
		D2B7B7D928F150B400E08755 /* LaunchScreen.storyboard */ = {
			isa = PBXVariantGroup;
			children = (
				D2B7B7DA28F150B400E08755 /* Base */,
			);
			name = LaunchScreen.storyboard;
			sourceTree = "<group>";
		};
/* End PBXVariantGroup section */

/* Begin XCBuildConfiguration section */
		D2B7B7DD28F150B400E08755 /* Debug */ = {
			isa = XCBuildConfiguration;
			buildSettings = {
				ALWAYS_SEARCH_USER_PATHS = NO;
				CLANG_ANALYZER_NONNULL = YES;
				CLANG_ANALYZER_NUMBER_OBJECT_CONVERSION = YES_AGGRESSIVE;
				CLANG_CXX_LANGUAGE_STANDARD = "gnu++20";
				CLANG_ENABLE_MODULES = YES;
				CLANG_ENABLE_OBJC_ARC = YES;
				CLANG_ENABLE_OBJC_WEAK = YES;
				CLANG_WARN_BLOCK_CAPTURE_AUTORELEASING = YES;
				CLANG_WARN_BOOL_CONVERSION = YES;
				CLANG_WARN_COMMA = YES;
				CLANG_WARN_CONSTANT_CONVERSION = YES;
				CLANG_WARN_DEPRECATED_OBJC_IMPLEMENTATIONS = YES;
				CLANG_WARN_DIRECT_OBJC_ISA_USAGE = YES_ERROR;
				CLANG_WARN_DOCUMENTATION_COMMENTS = YES;
				CLANG_WARN_EMPTY_BODY = YES;
				CLANG_WARN_ENUM_CONVERSION = YES;
				CLANG_WARN_INFINITE_RECURSION = YES;
				CLANG_WARN_INT_CONVERSION = YES;
				CLANG_WARN_NON_LITERAL_NULL_CONVERSION = YES;
				CLANG_WARN_OBJC_IMPLICIT_RETAIN_SELF = YES;
				CLANG_WARN_OBJC_LITERAL_CONVERSION = YES;
				CLANG_WARN_OBJC_ROOT_CLASS = YES_ERROR;
				CLANG_WARN_QUOTED_INCLUDE_IN_FRAMEWORK_HEADER = YES;
				CLANG_WARN_RANGE_LOOP_ANALYSIS = YES;
				CLANG_WARN_STRICT_PROTOTYPES = YES;
				CLANG_WARN_SUSPICIOUS_MOVE = YES;
				CLANG_WARN_UNGUARDED_AVAILABILITY = YES_AGGRESSIVE;
				CLANG_WARN_UNREACHABLE_CODE = YES;
				CLANG_WARN__DUPLICATE_METHOD_MATCH = YES;
				COPY_PHASE_STRIP = NO;
				DEBUG_INFORMATION_FORMAT = dwarf;
				ENABLE_STRICT_OBJC_MSGSEND = YES;
				ENABLE_TESTABILITY = YES;
				GCC_C_LANGUAGE_STANDARD = gnu11;
				GCC_DYNAMIC_NO_PIC = NO;
				GCC_NO_COMMON_BLOCKS = YES;
				GCC_OPTIMIZATION_LEVEL = 0;
				GCC_PREPROCESSOR_DEFINITIONS = (
					"DEBUG=1",
					"$(inherited)",
				);
				GCC_WARN_64_TO_32_BIT_CONVERSION = YES;
				GCC_WARN_ABOUT_RETURN_TYPE = YES_ERROR;
				GCC_WARN_UNDECLARED_SELECTOR = YES;
				GCC_WARN_UNINITIALIZED_AUTOS = YES_AGGRESSIVE;
				GCC_WARN_UNUSED_FUNCTION = YES;
				GCC_WARN_UNUSED_VARIABLE = YES;
				IPHONEOS_DEPLOYMENT_TARGET = 16.0;
				MTL_ENABLE_DEBUG_INFO = INCLUDE_SOURCE;
				MTL_FAST_MATH = YES;
				ONLY_ACTIVE_ARCH = YES;
				SDKROOT = iphoneos;
				SWIFT_ACTIVE_COMPILATION_CONDITIONS = DEBUG;
				SWIFT_OPTIMIZATION_LEVEL = "-Onone";
			};
			name = Debug;
		};
		D2B7B7DE28F150B400E08755 /* Release */ = {
			isa = XCBuildConfiguration;
			buildSettings = {
				ALWAYS_SEARCH_USER_PATHS = NO;
				CLANG_ANALYZER_NONNULL = YES;
				CLANG_ANALYZER_NUMBER_OBJECT_CONVERSION = YES_AGGRESSIVE;
				CLANG_CXX_LANGUAGE_STANDARD = "gnu++20";
				CLANG_ENABLE_MODULES = YES;
				CLANG_ENABLE_OBJC_ARC = YES;
				CLANG_ENABLE_OBJC_WEAK = YES;
				CLANG_WARN_BLOCK_CAPTURE_AUTORELEASING = YES;
				CLANG_WARN_BOOL_CONVERSION = YES;
				CLANG_WARN_COMMA = YES;
				CLANG_WARN_CONSTANT_CONVERSION = YES;
				CLANG_WARN_DEPRECATED_OBJC_IMPLEMENTATIONS = YES;
				CLANG_WARN_DIRECT_OBJC_ISA_USAGE = YES_ERROR;
				CLANG_WARN_DOCUMENTATION_COMMENTS = YES;
				CLANG_WARN_EMPTY_BODY = YES;
				CLANG_WARN_ENUM_CONVERSION = YES;
				CLANG_WARN_INFINITE_RECURSION = YES;
				CLANG_WARN_INT_CONVERSION = YES;
				CLANG_WARN_NON_LITERAL_NULL_CONVERSION = YES;
				CLANG_WARN_OBJC_IMPLICIT_RETAIN_SELF = YES;
				CLANG_WARN_OBJC_LITERAL_CONVERSION = YES;
				CLANG_WARN_OBJC_ROOT_CLASS = YES_ERROR;
				CLANG_WARN_QUOTED_INCLUDE_IN_FRAMEWORK_HEADER = YES;
				CLANG_WARN_RANGE_LOOP_ANALYSIS = YES;
				CLANG_WARN_STRICT_PROTOTYPES = YES;
				CLANG_WARN_SUSPICIOUS_MOVE = YES;
				CLANG_WARN_UNGUARDED_AVAILABILITY = YES_AGGRESSIVE;
				CLANG_WARN_UNREACHABLE_CODE = YES;
				CLANG_WARN__DUPLICATE_METHOD_MATCH = YES;
				COPY_PHASE_STRIP = NO;
				DEBUG_INFORMATION_FORMAT = "dwarf-with-dsym";
				ENABLE_NS_ASSERTIONS = NO;
				ENABLE_STRICT_OBJC_MSGSEND = YES;
				GCC_C_LANGUAGE_STANDARD = gnu11;
				GCC_NO_COMMON_BLOCKS = YES;
				GCC_WARN_64_TO_32_BIT_CONVERSION = YES;
				GCC_WARN_ABOUT_RETURN_TYPE = YES_ERROR;
				GCC_WARN_UNDECLARED_SELECTOR = YES;
				GCC_WARN_UNINITIALIZED_AUTOS = YES_AGGRESSIVE;
				GCC_WARN_UNUSED_FUNCTION = YES;
				GCC_WARN_UNUSED_VARIABLE = YES;
				IPHONEOS_DEPLOYMENT_TARGET = 16.0;
				MTL_ENABLE_DEBUG_INFO = NO;
				MTL_FAST_MATH = YES;
				SDKROOT = iphoneos;
				SWIFT_COMPILATION_MODE = wholemodule;
				SWIFT_OPTIMIZATION_LEVEL = "-O";
				VALIDATE_PRODUCT = YES;
			};
			name = Release;
		};
		D2B7B7E028F150B400E08755 /* Debug */ = {
			isa = XCBuildConfiguration;
			baseConfigurationReference = EED419E93A3CCCC3ADA54BC1 /* Pods-RecordDemo.debug.xcconfig */;
			buildSettings = {
				ASSETCATALOG_COMPILER_APPICON_NAME = AppIcon;
				ASSETCATALOG_COMPILER_GLOBAL_ACCENT_COLOR_NAME = AccentColor;
				CODE_SIGN_STYLE = Automatic;
				CURRENT_PROJECT_VERSION = 1;
				DEVELOPMENT_TEAM = M2CXXJLYVV;
				GENERATE_INFOPLIST_FILE = YES;
				INFOPLIST_FILE = RecordDemo/Info.plist;
				INFOPLIST_KEY_NSMicrophoneUsageDescription = "麦克风";
				INFOPLIST_KEY_UIApplicationSupportsIndirectInputEvents = YES;
				INFOPLIST_KEY_UILaunchStoryboardName = LaunchScreen;
				INFOPLIST_KEY_UIMainStoryboardFile = Main;
				INFOPLIST_KEY_UISupportedInterfaceOrientations = UIInterfaceOrientationPortrait;
				IPHONEOS_DEPLOYMENT_TARGET = 13.0;
				LD_RUNPATH_SEARCH_PATHS = (
					"$(inherited)",
					"@executable_path/Frameworks",
				);
				MARKETING_VERSION = 0.1.0;
				PRODUCT_BUNDLE_IDENTIFIER = com.sl.pod.RecordDemo;
				PRODUCT_NAME = "$(TARGET_NAME)";
				SUPPORTED_PLATFORMS = "iphoneos iphonesimulator";
				SUPPORTS_MACCATALYST = NO;
				SUPPORTS_MAC_DESIGNED_FOR_IPHONE_IPAD = YES;
				SWIFT_EMIT_LOC_STRINGS = YES;
				SWIFT_VERSION = 5.0;
				TARGETED_DEVICE_FAMILY = 1;
			};
			name = Debug;
		};
		D2B7B7E128F150B400E08755 /* Release */ = {
			isa = XCBuildConfiguration;
			baseConfigurationReference = D6B3A5F55DEF2D440BA29AB0 /* Pods-RecordDemo.release.xcconfig */;
			buildSettings = {
				ASSETCATALOG_COMPILER_APPICON_NAME = AppIcon;
				ASSETCATALOG_COMPILER_GLOBAL_ACCENT_COLOR_NAME = AccentColor;
				CODE_SIGN_STYLE = Automatic;
				CURRENT_PROJECT_VERSION = 1;
				DEVELOPMENT_TEAM = M2CXXJLYVV;
				GENERATE_INFOPLIST_FILE = YES;
				INFOPLIST_FILE = RecordDemo/Info.plist;
				INFOPLIST_KEY_NSMicrophoneUsageDescription = "麦克风";
				INFOPLIST_KEY_UIApplicationSupportsIndirectInputEvents = YES;
				INFOPLIST_KEY_UILaunchStoryboardName = LaunchScreen;
				INFOPLIST_KEY_UIMainStoryboardFile = Main;
				INFOPLIST_KEY_UISupportedInterfaceOrientations = UIInterfaceOrientationPortrait;
				IPHONEOS_DEPLOYMENT_TARGET = 13.0;
				LD_RUNPATH_SEARCH_PATHS = (
					"$(inherited)",
					"@executable_path/Frameworks",
				);
				MARKETING_VERSION = 0.1.0;
				PRODUCT_BUNDLE_IDENTIFIER = com.sl.pod.RecordDemo;
				PRODUCT_NAME = "$(TARGET_NAME)";
				SUPPORTED_PLATFORMS = "iphoneos iphonesimulator";
				SUPPORTS_MACCATALYST = NO;
				SUPPORTS_MAC_DESIGNED_FOR_IPHONE_IPAD = YES;
				SWIFT_EMIT_LOC_STRINGS = YES;
				SWIFT_VERSION = 5.0;
				TARGETED_DEVICE_FAMILY = 1;
			};
			name = Release;
		};
/* End XCBuildConfiguration section */

/* Begin XCConfigurationList section */
		D2B7B7C628F150B300E08755 /* Build configuration list for PBXProject "RecordDemo" */ = {
			isa = XCConfigurationList;
			buildConfigurations = (
				D2B7B7DD28F150B400E08755 /* Debug */,
				D2B7B7DE28F150B400E08755 /* Release */,
			);
			defaultConfigurationIsVisible = 0;
			defaultConfigurationName = Release;
		};
		D2B7B7DF28F150B400E08755 /* Build configuration list for PBXNativeTarget "RecordDemo" */ = {
			isa = XCConfigurationList;
			buildConfigurations = (
				D2B7B7E028F150B400E08755 /* Debug */,
				D2B7B7E128F150B400E08755 /* Release */,
			);
			defaultConfigurationIsVisible = 0;
			defaultConfigurationName = Release;
		};
/* End XCConfigurationList section */
	};
	rootObject = D2B7B7C328F150B300E08755 /* Project object */;
}
